
Microsoft Visual Studio Solution File, Format Version 12.00
# Visual Studio Version 16
VisualStudioVersion = 16.0.31005.135
MinimumVisualStudioVersion = 10.0.40219.1
Project("{FAE04EC0-301F-11D3-BF4B-00C04F79EFBC}") = "Practice", "Practice\Practice.csproj", "{D5E465EC-84AE-4A56-B32C-2C514CC7E68D}"
EndProject
Global
	GlobalSection(SolutionConfigurationPlatforms) = preSolution
		Debug|Any CPU = Debug|Any CPU
		Release|Any CPU = Release|Any CPU
	EndGlobalSection
	GlobalSection(ProjectConfigurationPlatforms) = postSolution
		{D5E465EC-84AE-4A56-B32C-2C514CC7E68D}.Debug|Any CPU.ActiveCfg = Debug|Any CPU
		{D5E465EC-84AE-4A56-B32C-2C514CC7E68D}.Debug|Any CPU.Build.0 = Debug|Any CPU
		{D5E465EC-84AE-4A56-B32C-2C514CC7E68D}.Release|Any CPU.ActiveCfg = Release|Any CPU
		{D5E465EC-84AE-4A56-B32C-2C514CC7E68D}.Release|Any CPU.Build.0 = Release|Any CPU
	EndGlobalSection
	GlobalSection(SolutionProperties) = preSolution
		HideSolutionNode = FALSE
	EndGlobalSection
	GlobalSection(ExtensibilityGlobals) = postSolution
		SolutionGuid = {A0DAACE9-DC09-42EF-A3FB-3BF6208EBEE6}
	EndGlobalSection
EndGlobal
